
Microsoft Visual Studio Solution File, Format Version 12.00
# Visual Studio Version 16
VisualStudioVersion = 16.0.29418.71
MinimumVisualStudioVersion = 10.0.40219.1
Project("{FAE04EC0-301F-11D3-BF4B-00C04F79EFBC}") = "IMT-01-Assighment", "IMT-01-Assighment\IMT-01-Assighment.csproj", "{E6F23AB2-54EF-4ABB-ABFD-545E5B073802}"
EndProject
Global
	GlobalSection(SolutionConfigurationPlatforms) = preSolution
		Debug|Any CPU = Debug|Any CPU
		Release|Any CPU = Release|Any CPU
	EndGlobalSection
	GlobalSection(ProjectConfigurationPlatforms) = postSolution
		{E6F23AB2-54EF-4ABB-ABFD-545E5B073802}.Debug|Any CPU.ActiveCfg = Debug|Any CPU
		{E6F23AB2-54EF-4ABB-ABFD-545E5B073802}.Debug|Any CPU.Build.0 = Debug|Any CPU
		{E6F23AB2-54EF-4ABB-ABFD-545E5B073802}.Release|Any CPU.ActiveCfg = Release|Any CPU
		{E6F23AB2-54EF-4ABB-ABFD-545E5B073802}.Release|Any CPU.Build.0 = Release|Any CPU
	EndGlobalSection
	GlobalSection(SolutionProperties) = preSolution
		HideSolutionNode = FALSE
	EndGlobalSection
	GlobalSection(ExtensibilityGlobals) = postSolution
		SolutionGuid = {4CFB4273-4056-4580-988D-FC9BFE25C09B}
	EndGlobalSection
EndGlobal
